
Microsoft Visual Studio Solution File, Format Version 12.00
# Visual Studio Version 17
VisualStudioVersion = 17.7.34018.315
MinimumVisualStudioVersion = 10.0.40219.1
Project("{FAE04EC0-301F-11D3-BF4B-00C04F79EFBC}") = "CapaPresentacion", "CapaPresentacion\CapaPresentacion.csproj", "{30B3CCB3-19FB-458F-A20E-99E87A162193}"
EndProject
Project("{FAE04EC0-301F-11D3-BF4B-00C04F79EFBC}") = "CapaDatos", "CapaDatos\CapaDatos.csproj", "{409653AE-91D0-4EB0-9C32-502934144838}"
EndProject
Project("{FAE04EC0-301F-11D3-BF4B-00C04F79EFBC}") = "CapaEntidadd", "CapaEntidadd\CapaEntidadd.csproj", "{50509FA3-1EFD-42EF-B403-BF37F5F673FF}"
EndProject
Project("{FAE04EC0-301F-11D3-BF4B-00C04F79EFBC}") = "CapaNegocioo", "CapaNegocioo\CapaNegocioo.csproj", "{75DC41C5-680E-49D5-8596-FCDCCE40B415}"
EndProject
Global
	GlobalSection(SolutionConfigurationPlatforms) = preSolution
		Debug|Any CPU = Debug|Any CPU
		Release|Any CPU = Release|Any CPU
	EndGlobalSection
	GlobalSection(ProjectConfigurationPlatforms) = postSolution
		{30B3CCB3-19FB-458F-A20E-99E87A162193}.Debug|Any CPU.ActiveCfg = Debug|Any CPU
		{30B3CCB3-19FB-458F-A20E-99E87A162193}.Debug|Any CPU.Build.0 = Debug|Any CPU
		{30B3CCB3-19FB-458F-A20E-99E87A162193}.Release|Any CPU.ActiveCfg = Release|Any CPU
		{30B3CCB3-19FB-458F-A20E-99E87A162193}.Release|Any CPU.Build.0 = Release|Any CPU
		{409653AE-91D0-4EB0-9C32-502934144838}.Debug|Any CPU.ActiveCfg = Debug|Any CPU
		{409653AE-91D0-4EB0-9C32-502934144838}.Debug|Any CPU.Build.0 = Debug|Any CPU
		{409653AE-91D0-4EB0-9C32-502934144838}.Release|Any CPU.ActiveCfg = Release|Any CPU
		{409653AE-91D0-4EB0-9C32-502934144838}.Release|Any CPU.Build.0 = Release|Any CPU
		{50509FA3-1EFD-42EF-B403-BF37F5F673FF}.Debug|Any CPU.ActiveCfg = Debug|Any CPU
		{50509FA3-1EFD-42EF-B403-BF37F5F673FF}.Debug|Any CPU.Build.0 = Debug|Any CPU
		{50509FA3-1EFD-42EF-B403-BF37F5F673FF}.Release|Any CPU.ActiveCfg = Release|Any CPU
		{50509FA3-1EFD-42EF-B403-BF37F5F673FF}.Release|Any CPU.Build.0 = Release|Any CPU
		{75DC41C5-680E-49D5-8596-FCDCCE40B415}.Debug|Any CPU.ActiveCfg = Debug|Any CPU
		{75DC41C5-680E-49D5-8596-FCDCCE40B415}.Debug|Any CPU.Build.0 = Debug|Any CPU
		{75DC41C5-680E-49D5-8596-FCDCCE40B415}.Release|Any CPU.ActiveCfg = Release|Any CPU
		{75DC41C5-680E-49D5-8596-FCDCCE40B415}.Release|Any CPU.Build.0 = Release|Any CPU
	EndGlobalSection
	GlobalSection(SolutionProperties) = preSolution
		HideSolutionNode = FALSE
	EndGlobalSection
	GlobalSection(ExtensibilityGlobals) = postSolution
		SolutionGuid = {CABBEA84-FD05-41BC-B0C3-D999FFA30991}
	EndGlobalSection
EndGlobal
